// !$*UTF8*$!
{
	archiveVersion = 1;
	classes = {
	};
	objectVersion = 45;
	objects = {

/* Begin PBXBuildFile section */
		1D3623260D0F684500981E51 /* SMGeocoderAppAppDelegate.m in Sources */ = {isa = PBXBuildFile; fileRef = 1D3623250D0F684500981E51 /* SMGeocoderAppAppDelegate.m */; };
		1D60589B0D05DD56006BFB54 /* main.m in Sources */ = {isa = PBXBuildFile; fileRef = 29B97316FDCFA39411CA2CEA /* main.m */; };
		1D60589F0D05DD5A006BFB54 /* Foundation.framework in Frameworks */ = {isa = PBXBuildFile; fileRef = 1D30AB110D05D00D00671497 /* Foundation.framework */; };
		1DF5F4E00D08C38300B7A737 /* UIKit.framework in Frameworks */ = {isa = PBXBuildFile; fileRef = 1DF5F4DF0D08C38300B7A737 /* UIKit.framework */; };
		22B7DFAE1305BA170014DB40 /* AddressBook.framework in Frameworks */ = {isa = PBXBuildFile; fileRef = 22B7DFAD1305BA170014DB40 /* AddressBook.framework */; };
		22B7DFEB1305BA250014DB40 /* MapKit.framework in Frameworks */ = {isa = PBXBuildFile; fileRef = 22B7DFEA1305BA250014DB40 /* MapKit.framework */; };
		22B7DFFD1305BA380014DB40 /* CoreLocation.framework in Frameworks */ = {isa = PBXBuildFile; fileRef = 22B7DFFC1305BA380014DB40 /* CoreLocation.framework */; };
		22B7E0D81305C4680014DB40 /* SMGeocoder.m in Sources */ = {isa = PBXBuildFile; fileRef = 22B7E0C01305C4680014DB40 /* SMGeocoder.m */; };
		22B7E0D91305C4680014DB40 /* CDataScanner.m in Sources */ = {isa = PBXBuildFile; fileRef = 22B7E0C31305C4680014DB40 /* CDataScanner.m */; };
		22B7E0DA1305C4680014DB40 /* CFilteringJSONSerializer.m in Sources */ = {isa = PBXBuildFile; fileRef = 22B7E0C61305C4680014DB40 /* CFilteringJSONSerializer.m */; };
		22B7E0DB1305C4680014DB40 /* CJSONDeserializer_BlocksExtensions.m in Sources */ = {isa = PBXBuildFile; fileRef = 22B7E0C81305C4680014DB40 /* CJSONDeserializer_BlocksExtensions.m */; };
		22B7E0DC1305C4680014DB40 /* CJSONSerializedData.m in Sources */ = {isa = PBXBuildFile; fileRef = 22B7E0CA1305C4680014DB40 /* CJSONSerializedData.m */; };
		22B7E0DD1305C4680014DB40 /* CDataScanner_Extensions.m in Sources */ = {isa = PBXBuildFile; fileRef = 22B7E0CD1305C4680014DB40 /* CDataScanner_Extensions.m */; };
		22B7E0DE1305C4680014DB40 /* NSDictionary_JSONExtensions.m in Sources */ = {isa = PBXBuildFile; fileRef = 22B7E0CF1305C4680014DB40 /* NSDictionary_JSONExtensions.m */; };
		22B7E0DF1305C4680014DB40 /* CJSONDeserializer.m in Sources */ = {isa = PBXBuildFile; fileRef = 22B7E0D21305C4680014DB40 /* CJSONDeserializer.m */; };
		22B7E0E01305C4680014DB40 /* CJSONScanner.m in Sources */ = {isa = PBXBuildFile; fileRef = 22B7E0D41305C4680014DB40 /* CJSONScanner.m */; };
		22B7E0E11305C4680014DB40 /* CJSONSerializer.m in Sources */ = {isa = PBXBuildFile; fileRef = 22B7E0D61305C4680014DB40 /* CJSONSerializer.m */; };
		288765A50DF7441C002DB57D /* CoreGraphics.framework in Frameworks */ = {isa = PBXBuildFile; fileRef = 288765A40DF7441C002DB57D /* CoreGraphics.framework */; };
		2899E5220DE3E06400AC0155 /* SMGeocoderAppViewController.xib in Resources */ = {isa = PBXBuildFile; fileRef = 2899E5210DE3E06400AC0155 /* SMGeocoderAppViewController.xib */; };
		28AD733F0D9D9553002E5188 /* MainWindow.xib in Resources */ = {isa = PBXBuildFile; fileRef = 28AD733E0D9D9553002E5188 /* MainWindow.xib */; };
		28D7ACF80DDB3853001CB0EB /* SMGeocoderAppViewController.m in Sources */ = {isa = PBXBuildFile; fileRef = 28D7ACF70DDB3853001CB0EB /* SMGeocoderAppViewController.m */; };
/* End PBXBuildFile section */

/* Begin PBXFileReference section */
		1D30AB110D05D00D00671497 /* Foundation.framework */ = {isa = PBXFileReference; lastKnownFileType = wrapper.framework; name = Foundation.framework; path = System/Library/Frameworks/Foundation.framework; sourceTree = SDKROOT; };
		1D3623240D0F684500981E51 /* SMGeocoderAppAppDelegate.h */ = {isa = PBXFileReference; fileEncoding = 4; lastKnownFileType = sourcecode.c.h; path = SMGeocoderAppAppDelegate.h; sourceTree = "<group>"; };
		1D3623250D0F684500981E51 /* SMGeocoderAppAppDelegate.m */ = {isa = PBXFileReference; fileEncoding = 4; lastKnownFileType = sourcecode.c.objc; path = SMGeocoderAppAppDelegate.m; sourceTree = "<group>"; };
		1D6058910D05DD3D006BFB54 /* SMGeocoderApp.app */ = {isa = PBXFileReference; explicitFileType = wrapper.application; includeInIndex = 0; path = SMGeocoderApp.app; sourceTree = BUILT_PRODUCTS_DIR; };
		1DF5F4DF0D08C38300B7A737 /* UIKit.framework */ = {isa = PBXFileReference; lastKnownFileType = wrapper.framework; name = UIKit.framework; path = System/Library/Frameworks/UIKit.framework; sourceTree = SDKROOT; };
		22B7DFAD1305BA170014DB40 /* AddressBook.framework */ = {isa = PBXFileReference; lastKnownFileType = wrapper.framework; name = AddressBook.framework; path = System/Library/Frameworks/AddressBook.framework; sourceTree = SDKROOT; };
		22B7DFEA1305BA250014DB40 /* MapKit.framework */ = {isa = PBXFileReference; lastKnownFileType = wrapper.framework; name = MapKit.framework; path = System/Library/Frameworks/MapKit.framework; sourceTree = SDKROOT; };
		22B7DFFC1305BA380014DB40 /* CoreLocation.framework */ = {isa = PBXFileReference; lastKnownFileType = wrapper.framework; name = CoreLocation.framework; path = System/Library/Frameworks/CoreLocation.framework; sourceTree = SDKROOT; };
		22B7E0BF1305C4680014DB40 /* SMGeocoder.h */ = {isa = PBXFileReference; fileEncoding = 4; lastKnownFileType = sourcecode.c.h; path = SMGeocoder.h; sourceTree = "<group>"; };
		22B7E0C01305C4680014DB40 /* SMGeocoder.m */ = {isa = PBXFileReference; fileEncoding = 4; lastKnownFileType = sourcecode.c.objc; path = SMGeocoder.m; sourceTree = "<group>"; };
		22B7E0C21305C4680014DB40 /* CDataScanner.h */ = {isa = PBXFileReference; fileEncoding = 4; lastKnownFileType = sourcecode.c.h; path = CDataScanner.h; sourceTree = "<group>"; };
		22B7E0C31305C4680014DB40 /* CDataScanner.m */ = {isa = PBXFileReference; fileEncoding = 4; lastKnownFileType = sourcecode.c.objc; path = CDataScanner.m; sourceTree = "<group>"; };
		22B7E0C51305C4680014DB40 /* CFilteringJSONSerializer.h */ = {isa = PBXFileReference; fileEncoding = 4; lastKnownFileType = sourcecode.c.h; path = CFilteringJSONSerializer.h; sourceTree = "<group>"; };
		22B7E0C61305C4680014DB40 /* CFilteringJSONSerializer.m */ = {isa = PBXFileReference; fileEncoding = 4; lastKnownFileType = sourcecode.c.objc; path = CFilteringJSONSerializer.m; sourceTree = "<group>"; };
		22B7E0C71305C4680014DB40 /* CJSONDeserializer_BlocksExtensions.h */ = {isa = PBXFileReference; fileEncoding = 4; lastKnownFileType = sourcecode.c.h; path = CJSONDeserializer_BlocksExtensions.h; sourceTree = "<group>"; };
		22B7E0C81305C4680014DB40 /* CJSONDeserializer_BlocksExtensions.m */ = {isa = PBXFileReference; fileEncoding = 4; lastKnownFileType = sourcecode.c.objc; path = CJSONDeserializer_BlocksExtensions.m; sourceTree = "<group>"; };
		22B7E0C91305C4680014DB40 /* CJSONSerializedData.h */ = {isa = PBXFileReference; fileEncoding = 4; lastKnownFileType = sourcecode.c.h; path = CJSONSerializedData.h; sourceTree = "<group>"; };
		22B7E0CA1305C4680014DB40 /* CJSONSerializedData.m */ = {isa = PBXFileReference; fileEncoding = 4; lastKnownFileType = sourcecode.c.objc; path = CJSONSerializedData.m; sourceTree = "<group>"; };
		22B7E0CC1305C4680014DB40 /* CDataScanner_Extensions.h */ = {isa = PBXFileReference; fileEncoding = 4; lastKnownFileType = sourcecode.c.h; path = CDataScanner_Extensions.h; sourceTree = "<group>"; };
		22B7E0CD1305C4680014DB40 /* CDataScanner_Extensions.m */ = {isa = PBXFileReference; fileEncoding = 4; lastKnownFileType = sourcecode.c.objc; path = CDataScanner_Extensions.m; sourceTree = "<group>"; };
		22B7E0CE1305C4680014DB40 /* NSDictionary_JSONExtensions.h */ = {isa = PBXFileReference; fileEncoding = 4; lastKnownFileType = sourcecode.c.h; path = NSDictionary_JSONExtensions.h; sourceTree = "<group>"; };
		22B7E0CF1305C4680014DB40 /* NSDictionary_JSONExtensions.m */ = {isa = PBXFileReference; fileEncoding = 4; lastKnownFileType = sourcecode.c.objc; path = NSDictionary_JSONExtensions.m; sourceTree = "<group>"; };
		22B7E0D11305C4680014DB40 /* CJSONDeserializer.h */ = {isa = PBXFileReference; fileEncoding = 4; lastKnownFileType = sourcecode.c.h; path = CJSONDeserializer.h; sourceTree = "<group>"; };
		22B7E0D21305C4680014DB40 /* CJSONDeserializer.m */ = {isa = PBXFileReference; fileEncoding = 4; lastKnownFileType = sourcecode.c.objc; path = CJSONDeserializer.m; sourceTree = "<group>"; };
		22B7E0D31305C4680014DB40 /* CJSONScanner.h */ = {isa = PBXFileReference; fileEncoding = 4; lastKnownFileType = sourcecode.c.h; path = CJSONScanner.h; sourceTree = "<group>"; };
		22B7E0D41305C4680014DB40 /* CJSONScanner.m */ = {isa = PBXFileReference; fileEncoding = 4; lastKnownFileType = sourcecode.c.objc; path = CJSONScanner.m; sourceTree = "<group>"; };
		22B7E0D51305C4680014DB40 /* CJSONSerializer.h */ = {isa = PBXFileReference; fileEncoding = 4; lastKnownFileType = sourcecode.c.h; path = CJSONSerializer.h; sourceTree = "<group>"; };
		22B7E0D61305C4680014DB40 /* CJSONSerializer.m */ = {isa = PBXFileReference; fileEncoding = 4; lastKnownFileType = sourcecode.c.objc; path = CJSONSerializer.m; sourceTree = "<group>"; };
		22B7E0D71305C4680014DB40 /* JSONRepresentation.h */ = {isa = PBXFileReference; fileEncoding = 4; lastKnownFileType = sourcecode.c.h; path = JSONRepresentation.h; sourceTree = "<group>"; };
		288765A40DF7441C002DB57D /* CoreGraphics.framework */ = {isa = PBXFileReference; lastKnownFileType = wrapper.framework; name = CoreGraphics.framework; path = System/Library/Frameworks/CoreGraphics.framework; sourceTree = SDKROOT; };
		2899E5210DE3E06400AC0155 /* SMGeocoderAppViewController.xib */ = {isa = PBXFileReference; lastKnownFileType = file.xib; path = SMGeocoderAppViewController.xib; sourceTree = "<group>"; };
		28AD733E0D9D9553002E5188 /* MainWindow.xib */ = {isa = PBXFileReference; lastKnownFileType = file.xib; path = MainWindow.xib; sourceTree = "<group>"; };
		28D7ACF60DDB3853001CB0EB /* SMGeocoderAppViewController.h */ = {isa = PBXFileReference; fileEncoding = 4; lastKnownFileType = sourcecode.c.h; path = SMGeocoderAppViewController.h; sourceTree = "<group>"; };
		28D7ACF70DDB3853001CB0EB /* SMGeocoderAppViewController.m */ = {isa = PBXFileReference; fileEncoding = 4; lastKnownFileType = sourcecode.c.objc; path = SMGeocoderAppViewController.m; sourceTree = "<group>"; };
		29B97316FDCFA39411CA2CEA /* main.m */ = {isa = PBXFileReference; fileEncoding = 4; lastKnownFileType = sourcecode.c.objc; path = main.m; sourceTree = "<group>"; };
		32CA4F630368D1EE00C91783 /* SMGeocoderApp_Prefix.pch */ = {isa = PBXFileReference; fileEncoding = 4; lastKnownFileType = sourcecode.c.h; path = SMGeocoderApp_Prefix.pch; sourceTree = "<group>"; };
		8D1107310486CEB800E47090 /* SMGeocoderApp-Info.plist */ = {isa = PBXFileReference; fileEncoding = 4; lastKnownFileType = text.plist.xml; path = "SMGeocoderApp-Info.plist"; plistStructureDefinitionIdentifier = "com.apple.xcode.plist.structure-definition.iphone.info-plist"; sourceTree = "<group>"; };
/* End PBXFileReference section */

/* Begin PBXFrameworksBuildPhase section */
		1D60588F0D05DD3D006BFB54 /* Frameworks */ = {
			isa = PBXFrameworksBuildPhase;
			buildActionMask = 2147483647;
			files = (
				1D60589F0D05DD5A006BFB54 /* Foundation.framework in Frameworks */,
				1DF5F4E00D08C38300B7A737 /* UIKit.framework in Frameworks */,
				288765A50DF7441C002DB57D /* CoreGraphics.framework in Frameworks */,
				22B7DFAE1305BA170014DB40 /* AddressBook.framework in Frameworks */,
				22B7DFEB1305BA250014DB40 /* MapKit.framework in Frameworks */,
				22B7DFFD1305BA380014DB40 /* CoreLocation.framework in Frameworks */,
			);
			runOnlyForDeploymentPostprocessing = 0;
		};
/* End PBXFrameworksBuildPhase section */

/* Begin PBXGroup section */
		080E96DDFE201D6D7F000001 /* Classes */ = {
			isa = PBXGroup;
			children = (
				1D3623240D0F684500981E51 /* SMGeocoderAppAppDelegate.h */,
				1D3623250D0F684500981E51 /* SMGeocoderAppAppDelegate.m */,
				28D7ACF60DDB3853001CB0EB /* SMGeocoderAppViewController.h */,
				28D7ACF70DDB3853001CB0EB /* SMGeocoderAppViewController.m */,
			);
			path = Classes;
			sourceTree = "<group>";
		};
		19C28FACFE9D520D11CA2CBB /* Products */ = {
			isa = PBXGroup;
			children = (
				1D6058910D05DD3D006BFB54 /* SMGeocoderApp.app */,
			);
			name = Products;
			sourceTree = "<group>";
		};
		22B7E0BE1305C4680014DB40 /* SMGeocoder */ = {
			isa = PBXGroup;
			children = (
				22B7E0BF1305C4680014DB40 /* SMGeocoder.h */,
				22B7E0C01305C4680014DB40 /* SMGeocoder.m */,
				22B7E0C11305C4680014DB40 /* TouchJSON */,
			);
			name = SMGeocoder;
			path = ../SMGeocoder;
			sourceTree = SOURCE_ROOT;
		};
		22B7E0C11305C4680014DB40 /* TouchJSON */ = {
			isa = PBXGroup;
			children = (
				22B7E0C21305C4680014DB40 /* CDataScanner.h */,
				22B7E0C31305C4680014DB40 /* CDataScanner.m */,
				22B7E0C41305C4680014DB40 /* Experimental */,
				22B7E0CB1305C4680014DB40 /* Extensions */,
				22B7E0D01305C4680014DB40 /* JSON */,
			);
			path = TouchJSON;
			sourceTree = "<group>";
		};
		22B7E0C41305C4680014DB40 /* Experimental */ = {
			isa = PBXGroup;
			children = (
				22B7E0C51305C4680014DB40 /* CFilteringJSONSerializer.h */,
				22B7E0C61305C4680014DB40 /* CFilteringJSONSerializer.m */,
				22B7E0C71305C4680014DB40 /* CJSONDeserializer_BlocksExtensions.h */,
				22B7E0C81305C4680014DB40 /* CJSONDeserializer_BlocksExtensions.m */,
				22B7E0C91305C4680014DB40 /* CJSONSerializedData.h */,
				22B7E0CA1305C4680014DB40 /* CJSONSerializedData.m */,
			);
			path = Experimental;
			sourceTree = "<group>";
		};
		22B7E0CB1305C4680014DB40 /* Extensions */ = {
			isa = PBXGroup;
			children = (
				22B7E0CC1305C4680014DB40 /* CDataScanner_Extensions.h */,
				22B7E0CD1305C4680014DB40 /* CDataScanner_Extensions.m */,
				22B7E0CE1305C4680014DB40 /* NSDictionary_JSONExtensions.h */,
				22B7E0CF1305C4680014DB40 /* NSDictionary_JSONExtensions.m */,
			);
			path = Extensions;
			sourceTree = "<group>";
		};
		22B7E0D01305C4680014DB40 /* JSON */ = {
			isa = PBXGroup;
			children = (
				22B7E0D11305C4680014DB40 /* CJSONDeserializer.h */,
				22B7E0D21305C4680014DB40 /* CJSONDeserializer.m */,
				22B7E0D31305C4680014DB40 /* CJSONScanner.h */,
				22B7E0D41305C4680014DB40 /* CJSONScanner.m */,
				22B7E0D51305C4680014DB40 /* CJSONSerializer.h */,
				22B7E0D61305C4680014DB40 /* CJSONSerializer.m */,
				22B7E0D71305C4680014DB40 /* JSONRepresentation.h */,
			);
			path = JSON;
			sourceTree = "<group>";
		};
		29B97314FDCFA39411CA2CEA /* CustomTemplate */ = {
			isa = PBXGroup;
			children = (
				080E96DDFE201D6D7F000001 /* Classes */,
				22B7E0BE1305C4680014DB40 /* SMGeocoder */,
				29B97315FDCFA39411CA2CEA /* Other Sources */,
				29B97317FDCFA39411CA2CEA /* Resources */,
				29B97323FDCFA39411CA2CEA /* Frameworks */,
				19C28FACFE9D520D11CA2CBB /* Products */,
			);
			name = CustomTemplate;
			sourceTree = "<group>";
		};
		29B97315FDCFA39411CA2CEA /* Other Sources */ = {
			isa = PBXGroup;
			children = (
				32CA4F630368D1EE00C91783 /* SMGeocoderApp_Prefix.pch */,
				29B97316FDCFA39411CA2CEA /* main.m */,
			);
			name = "Other Sources";
			sourceTree = "<group>";
		};
		29B97317FDCFA39411CA2CEA /* Resources */ = {
			isa = PBXGroup;
			children = (
				2899E5210DE3E06400AC0155 /* SMGeocoderAppViewController.xib */,
				28AD733E0D9D9553002E5188 /* MainWindow.xib */,
				8D1107310486CEB800E47090 /* SMGeocoderApp-Info.plist */,
			);
			name = Resources;
			sourceTree = "<group>";
		};
		29B97323FDCFA39411CA2CEA /* Frameworks */ = {
			isa = PBXGroup;
			children = (
				22B7DFFC1305BA380014DB40 /* CoreLocation.framework */,
				22B7DFAD1305BA170014DB40 /* AddressBook.framework */,
				1DF5F4DF0D08C38300B7A737 /* UIKit.framework */,
				1D30AB110D05D00D00671497 /* Foundation.framework */,
				288765A40DF7441C002DB57D /* CoreGraphics.framework */,
				22B7DFEA1305BA250014DB40 /* MapKit.framework */,
			);
			name = Frameworks;
			sourceTree = "<group>";
		};
/* End PBXGroup section */

/* Begin PBXNativeTarget section */
		1D6058900D05DD3D006BFB54 /* SMGeocoderApp */ = {
			isa = PBXNativeTarget;
			buildConfigurationList = 1D6058960D05DD3E006BFB54 /* Build configuration list for PBXNativeTarget "SMGeocoderApp" */;
			buildPhases = (
				1D60588D0D05DD3D006BFB54 /* Resources */,
				1D60588E0D05DD3D006BFB54 /* Sources */,
				1D60588F0D05DD3D006BFB54 /* Frameworks */,
			);
			buildRules = (
			);
			dependencies = (
			);
			name = SMGeocoderApp;
			productName = SMGeocoderApp;
			productReference = 1D6058910D05DD3D006BFB54 /* SMGeocoderApp.app */;
			productType = "com.apple.product-type.application";
		};
/* End PBXNativeTarget section */

/* Begin PBXProject section */
		29B97313FDCFA39411CA2CEA /* Project object */ = {
			isa = PBXProject;
			buildConfigurationList = C01FCF4E08A954540054247B /* Build configuration list for PBXProject "SMGeocoderApp" */;
			compatibilityVersion = "Xcode 3.1";
			developmentRegion = English;
			hasScannedForEncodings = 1;
			knownRegions = (
				English,
				Japanese,
				French,
				German,
			);
			mainGroup = 29B97314FDCFA39411CA2CEA /* CustomTemplate */;
			projectDirPath = "";
			projectRoot = "";
			targets = (
				1D6058900D05DD3D006BFB54 /* SMGeocoderApp */,
			);
		};
/* End PBXProject section */

/* Begin PBXResourcesBuildPhase section */
		1D60588D0D05DD3D006BFB54 /* Resources */ = {
			isa = PBXResourcesBuildPhase;
			buildActionMask = 2147483647;
			files = (
				28AD733F0D9D9553002E5188 /* MainWindow.xib in Resources */,
				2899E5220DE3E06400AC0155 /* SMGeocoderAppViewController.xib in Resources */,
			);
			runOnlyForDeploymentPostprocessing = 0;
		};
/* End PBXResourcesBuildPhase section */

/* Begin PBXSourcesBuildPhase section */
		1D60588E0D05DD3D006BFB54 /* Sources */ = {
			isa = PBXSourcesBuildPhase;
			buildActionMask = 2147483647;
			files = (
				1D60589B0D05DD56006BFB54 /* main.m in Sources */,
				1D3623260D0F684500981E51 /* SMGeocoderAppAppDelegate.m in Sources */,
				28D7ACF80DDB3853001CB0EB /* SMGeocoderAppViewController.m in Sources */,
				22B7E0D81305C4680014DB40 /* SMGeocoder.m in Sources */,
				22B7E0D91305C4680014DB40 /* CDataScanner.m in Sources */,
				22B7E0DA1305C4680014DB40 /* CFilteringJSONSerializer.m in Sources */,
				22B7E0DB1305C4680014DB40 /* CJSONDeserializer_BlocksExtensions.m in Sources */,
				22B7E0DC1305C4680014DB40 /* CJSONSerializedData.m in Sources */,
				22B7E0DD1305C4680014DB40 /* CDataScanner_Extensions.m in Sources */,
				22B7E0DE1305C4680014DB40 /* NSDictionary_JSONExtensions.m in Sources */,
				22B7E0DF1305C4680014DB40 /* CJSONDeserializer.m in Sources */,
				22B7E0E01305C4680014DB40 /* CJSONScanner.m in Sources */,
				22B7E0E11305C4680014DB40 /* CJSONSerializer.m in Sources */,
			);
			runOnlyForDeploymentPostprocessing = 0;
		};
/* End PBXSourcesBuildPhase section */

/* Begin XCBuildConfiguration section */
		1D6058940D05DD3E006BFB54 /* Debug */ = {
			isa = XCBuildConfiguration;
			buildSettings = {
				ALWAYS_SEARCH_USER_PATHS = NO;
				COPY_PHASE_STRIP = NO;
				GCC_DYNAMIC_NO_PIC = NO;
				GCC_OPTIMIZATION_LEVEL = 0;
				GCC_PRECOMPILE_PREFIX_HEADER = YES;
				GCC_PREFIX_HEADER = SMGeocoderApp_Prefix.pch;
				INFOPLIST_FILE = "SMGeocoderApp-Info.plist";
				PRODUCT_NAME = SMGeocoderApp;
			};
			name = Debug;
		};
		1D6058950D05DD3E006BFB54 /* Release */ = {
			isa = XCBuildConfiguration;
			buildSettings = {
				ALWAYS_SEARCH_USER_PATHS = NO;
				COPY_PHASE_STRIP = YES;
				GCC_PRECOMPILE_PREFIX_HEADER = YES;
				GCC_PREFIX_HEADER = SMGeocoderApp_Prefix.pch;
				INFOPLIST_FILE = "SMGeocoderApp-Info.plist";
				PRODUCT_NAME = SMGeocoderApp;
				VALIDATE_PRODUCT = YES;
			};
			name = Release;
		};
		C01FCF4F08A954540054247B /* Debug */ = {
			isa = XCBuildConfiguration;
			buildSettings = {
				ARCHS = "$(ARCHS_STANDARD_32_BIT)";
				"CODE_SIGN_IDENTITY[sdk=iphoneos*]" = "iPhone Developer";
				GCC_C_LANGUAGE_STANDARD = c99;
				GCC_WARN_ABOUT_RETURN_TYPE = YES;
				GCC_WARN_UNUSED_VARIABLE = YES;
				PREBINDING = NO;
				SDKROOT = iphoneos;
			};
			name = Debug;
		};
		C01FCF5008A954540054247B /* Release */ = {
			isa = XCBuildConfiguration;
			buildSettings = {
				ARCHS = "$(ARCHS_STANDARD_32_BIT)";
				"CODE_SIGN_IDENTITY[sdk=iphoneos*]" = "iPhone Developer";
				GCC_C_LANGUAGE_STANDARD = c99;
				GCC_WARN_ABOUT_RETURN_TYPE = YES;
				GCC_WARN_UNUSED_VARIABLE = YES;
				OTHER_CFLAGS = "-DNS_BLOCK_ASSERTIONS=1";
				PREBINDING = NO;
				SDKROOT = iphoneos;
			};
			name = Release;
		};
/* End XCBuildConfiguration section */

/* Begin XCConfigurationList section */
		1D6058960D05DD3E006BFB54 /* Build configuration list for PBXNativeTarget "SMGeocoderApp" */ = {
			isa = XCConfigurationList;
			buildConfigurations = (
				1D6058940D05DD3E006BFB54 /* Debug */,
				1D6058950D05DD3E006BFB54 /* Release */,
			);
			defaultConfigurationIsVisible = 0;
			defaultConfigurationName = Release;
		};
		C01FCF4E08A954540054247B /* Build configuration list for PBXProject "SMGeocoderApp" */ = {
			isa = XCConfigurationList;
			buildConfigurations = (
				C01FCF4F08A954540054247B /* Debug */,
				C01FCF5008A954540054247B /* Release */,
			);
			defaultConfigurationIsVisible = 0;
			defaultConfigurationName = Release;
		};
/* End XCConfigurationList section */
	};
	rootObject = 29B97313FDCFA39411CA2CEA /* Project object */;
}
